
Microsoft Visual Studio Solution File, Format Version 12.00
Project("{2150E333-8FDC-42A3-9474-1A3956D46DE8}") = "src", "src", "{689010F8-ECF0-45C0-978C-B0025F932A70}"
EndProject
Project("{2150E333-8FDC-42A3-9474-1A3956D46DE8}") = "tests", "tests", "{C77050EA-E774-43C3-BF17-514233CD45DA}"
EndProject
Project("{FAE04EC0-301F-11D3-BF4B-00C04F79EFBC}") = "DataStructures", "src\DataStructures\DataStructures.csproj", "{B9A6E6B4-92CC-4E4F-AF44-3E98CD5956FD}"
EndProject
Project("{FAE04EC0-301F-11D3-BF4B-00C04F79EFBC}") = "DataStructures.Tests", "DataStructures.Tests\DataStructures.Tests.csproj", "{F922EF60-172C-46B2-B6D1-D64D99E1ABD8}"
EndProject
Global
	GlobalSection(SolutionConfigurationPlatforms) = preSolution
		Debug|Any CPU = Debug|Any CPU
		Release|Any CPU = Release|Any CPU
	EndGlobalSection
	GlobalSection(NestedProjects) = preSolution
		{B9A6E6B4-92CC-4E4F-AF44-3E98CD5956FD} = {689010F8-ECF0-45C0-978C-B0025F932A70}
		{F922EF60-172C-46B2-B6D1-D64D99E1ABD8} = {C77050EA-E774-43C3-BF17-514233CD45DA}
	EndGlobalSection
	GlobalSection(ProjectConfigurationPlatforms) = postSolution
		{B9A6E6B4-92CC-4E4F-AF44-3E98CD5956FD}.Debug|Any CPU.ActiveCfg = Debug|Any CPU
		{B9A6E6B4-92CC-4E4F-AF44-3E98CD5956FD}.Debug|Any CPU.Build.0 = Debug|Any CPU
		{B9A6E6B4-92CC-4E4F-AF44-3E98CD5956FD}.Release|Any CPU.ActiveCfg = Release|Any CPU
		{B9A6E6B4-92CC-4E4F-AF44-3E98CD5956FD}.Release|Any CPU.Build.0 = Release|Any CPU
		{F922EF60-172C-46B2-B6D1-D64D99E1ABD8}.Debug|Any CPU.ActiveCfg = Debug|Any CPU
		{F922EF60-172C-46B2-B6D1-D64D99E1ABD8}.Debug|Any CPU.Build.0 = Debug|Any CPU
		{F922EF60-172C-46B2-B6D1-D64D99E1ABD8}.Release|Any CPU.ActiveCfg = Release|Any CPU
		{F922EF60-172C-46B2-B6D1-D64D99E1ABD8}.Release|Any CPU.Build.0 = Release|Any CPU
	EndGlobalSection
EndGlobal
